Microsoft Visual Studio Solution File, Format Version 11.00
# Visual Studio 2008

Project("{7D943272-98A3-2393-CFB6-7B1BBED2F456}") = "Deceptional", "Assembly-CSharp.csproj", "{0C30049F-C448-C417-7DCE-1FD1AD2C53D0}"
EndProject
Project("{7D943272-98A3-2393-CFB6-7B1BBED2F456}") = "Deceptional", "Assembly-CSharp-Editor.csproj", "{FAC4DC88-1DDF-1699-F340-F93CC3B3A85A}"
EndProject
Global
	GlobalSection(SolutionConfigurationPlatforms) = preSolution
		Debug|Any CPU = Debug|Any CPU
		Release|Any CPU = Release|Any CPU
	EndGlobalSection
	GlobalSection(ProjectConfigurationPlatforms) = postSolution
		{0C30049F-C448-C417-7DCE-1FD1AD2C53D0}.Debug|Any CPU.ActiveCfg = Debug|Any CPU
		{0C30049F-C448-C417-7DCE-1FD1AD2C53D0}.Debug|Any CPU.Build.0 = Debug|Any CPU
		{0C30049F-C448-C417-7DCE-1FD1AD2C53D0}.Release|Any CPU.ActiveCfg = Release|Any CPU
		{0C30049F-C448-C417-7DCE-1FD1AD2C53D0}.Release|Any CPU.Build.0 = Release|Any CPU
		{FAC4DC88-1DDF-1699-F340-F93CC3B3A85A}.Debug|Any CPU.ActiveCfg = Debug|Any CPU
		{FAC4DC88-1DDF-1699-F340-F93CC3B3A85A}.Debug|Any CPU.Build.0 = Debug|Any CPU
		{FAC4DC88-1DDF-1699-F340-F93CC3B3A85A}.Release|Any CPU.ActiveCfg = Release|Any CPU
		{FAC4DC88-1DDF-1699-F340-F93CC3B3A85A}.Release|Any CPU.Build.0 = Release|Any CPU
	EndGlobalSection
	GlobalSection(SolutionProperties) = preSolution
		HideSolutionNode = FALSE
	EndGlobalSection
	GlobalSection(MonoDevelopProperties) = preSolution
		StartupItem = Assembly-CSharp.csproj
	EndGlobalSection
EndGlobal
